# This file is automatically @generated by Cargo.
# It is not intended for manual editing.
[[package]]
name = "anyhow"
version = "1.0.40"
source = "registry+https://github.com/rust-lang/crates.io-index"
checksum = "28b2cd92db5cbd74e8e5028f7e27dd7aa3090e89e4f2a197cc7c8dfb69c7063b"

[[package]]
name = "imagesize"
version = "0.8.8"
source = "registry+https://github.com/rust-lang/crates.io-index"
checksum = "fd27b2139f540ac627a6cb1b96105e86bfc5136d06236ea90272eec35a4f5088"

[[package]]
name = "img-rename"
version = "0.1.2-alpha.0"
dependencies = [
 "anyhow",
 "imagesize",
]
