# This file is automatically @generated by Cargo.
# It is not intended for manual editing.
version = 3

[[package]]
name = "anyhow"
version = "1.0.40"
source = "registry+https://github.com/rust-lang/crates.io-index"
checksum = "28b2cd92db5cbd74e8e5028f7e27dd7aa3090e89e4f2a197cc7c8dfb69c7063b"

[[package]]
name = "imagesize"
version = "0.12.0"
source = "registry+https://github.com/rust-lang/crates.io-index"
checksum = "029d73f573d8e8d63e6d5020011d3255b28c3ba85d6cf870a07184ed23de9284"

[[package]]
name = "img-rename"
version = "0.1.2-alpha.0"
dependencies = [
 "anyhow",
 "imagesize",
]
